{
  "nodes": {
    "dotfiles": {
      "flake": false,
      "locked": {
        "lastModified": 1777460814,
        "narHash": "sha256-QB8WDlf6HXX0NG8q/fiGdM5dZnv5NY5ijYfrARwcxoA=",
        "ref": "refs/heads/main",
        "rev": "47235ac4408e52d07ef2cfec8f38dbd62057717c",
        "revCount": 6167,
        "submodules": true,
        "type": "git",
        "url": "https://github.com/end-4/dots-hyprland"
      },
      "original": {
        "submodules": true,
        "type": "git",
        "url": "https://github.com/end-4/dots-hyprland"
      }
    },
    "flake-parts": {
      "inputs": {
        "nixpkgs-lib": [
          "nur",
          "nixpkgs"
        ]
      },
      "locked": {
        "lastModified": 1733312601,
        "narHash": "sha256-4pDvzqnegAfRkPwO3wmwBhVi/Sye1mzps0zHWYnP88c=",
        "owner": "hercules-ci",
        "repo": "flake-parts",
        "rev": "205b12d8b7cd4802fbcb8e8ef6a0f1408781a4f9",
        "type": "github"
      },
      "original": {
        "owner": "hercules-ci",
        "repo": "flake-parts",
        "type": "github"
      }
    },
    "nixpkgs": {
      "locked": {
        "lastModified": 1776865487,
        "narHash": "sha256-ag20Bc0l85AOqhLJDVnhdqMme/nMSS+K1/QzNKS4zFc=",
        "owner": "NixOS",
        "repo": "nixpkgs",
        "rev": "e8ce29b7561372469521b6573be2848c860c2101",
        "type": "github"
      },
      "original": {
        "owner": "NixOS",
        "repo": "nixpkgs",
        "rev": "e8ce29b7561372469521b6573be2848c860c2101",
        "type": "github"
      }
    },
    "nur": {
      "inputs": {
        "flake-parts": "flake-parts",
        "nixpkgs": [
          "nixpkgs"
        ]
      },
      "locked": {
        "lastModified": 1777574402,
        "narHash": "sha256-c3lRRb0q6vqBmJELZxsKs0+aK2nX0BgSt5RIjZBcW5M=",
        "owner": "nix-community",
        "repo": "NUR",
        "rev": "538b8aa21726424a32b8036d74dbe60a6379dfec",
        "type": "github"
      },
      "original": {
        "owner": "nix-community",
        "repo": "NUR",
        "type": "github"
      }
    },
    "quickshell": {
      "inputs": {
        "nixpkgs": [
          "nixpkgs"
        ]
      },
      "locked": {
        "lastModified": 1777341401,
        "narHash": "sha256-QEAVYeXxvTamsYJVBq8+qSJV9ml2MxqRaZvkobfuPWA=",
        "ref": "refs/heads/master",
        "rev": "0baa81aa03559ca315668e5a306364cddf1a6f49",
        "revCount": 812,
        "type": "git",
        "url": "https://git.outfoxxed.me/outfoxxed/quickshell"
      },
      "original": {
        "type": "git",
        "url": "https://git.outfoxxed.me/outfoxxed/quickshell"
      }
    },
    "root": {
      "inputs": {
        "dotfiles": "dotfiles",
        "nixpkgs": "nixpkgs",
        "nur": "nur",
        "quickshell": "quickshell"
      }
    }
  },
  "root": "root",
  "version": 7
}
